
Microsoft Visual Studio Solution File, Format Version 12.00
# Visual Studio Version 17
VisualStudioVersion = 17.11.35312.102
MinimumVisualStudioVersion = 10.0.40219.1
Project("{FAE04EC0-301F-11D3-BF4B-00C04F79EFBC}") = "FoodOrderApplication", "FoodOrderApplication\FoodOrderApplication.csproj", "{5C89E1A1-DD1B-4799-8BAA-B5D4C2AD51DA}"
EndProject
Global
	GlobalSection(SolutionConfigurationPlatforms) = preSolution
		Debug|Any CPU = Debug|Any CPU
		Release|Any CPU = Release|Any CPU
	EndGlobalSection
	GlobalSection(ProjectConfigurationPlatforms) = postSolution
		{5C89E1A1-DD1B-4799-8BAA-B5D4C2AD51DA}.Debug|Any CPU.ActiveCfg = Debug|Any CPU
		{5C89E1A1-DD1B-4799-8BAA-B5D4C2AD51DA}.Debug|Any CPU.Build.0 = Debug|Any CPU
		{5C89E1A1-DD1B-4799-8BAA-B5D4C2AD51DA}.Release|Any CPU.ActiveCfg = Release|Any CPU
		{5C89E1A1-DD1B-4799-8BAA-B5D4C2AD51DA}.Release|Any CPU.Build.0 = Release|Any CPU
	EndGlobalSection
	GlobalSection(SolutionProperties) = preSolution
		HideSolutionNode = FALSE
	EndGlobalSection
	GlobalSection(ExtensibilityGlobals) = postSolution
		SolutionGuid = {E2994284-247C-45A7-BDF0-58036843457A}
	EndGlobalSection
EndGlobal
