
Microsoft Visual Studio Solution File, Format Version 12.00
# Visual Studio Version 17
VisualStudioVersion = 17.11.35327.3
MinimumVisualStudioVersion = 10.0.40219.1
Project("{FAE04EC0-301F-11D3-BF4B-00C04F79EFBC}") = "DatabaseConnectionApp", "DatabaseConnectionApp\DatabaseConnectionApp.csproj", "{B2D5B6DE-1E4C-484D-A4A0-80C40B4BACD8}"
EndProject
Global
	GlobalSection(SolutionConfigurationPlatforms) = preSolution
		Debug|Any CPU = Debug|Any CPU
		Release|Any CPU = Release|Any CPU
	EndGlobalSection
	GlobalSection(ProjectConfigurationPlatforms) = postSolution
		{B2D5B6DE-1E4C-484D-A4A0-80C40B4BACD8}.Debug|Any CPU.ActiveCfg = Debug|Any CPU
		{B2D5B6DE-1E4C-484D-A4A0-80C40B4BACD8}.Debug|Any CPU.Build.0 = Debug|Any CPU
		{B2D5B6DE-1E4C-484D-A4A0-80C40B4BACD8}.Release|Any CPU.ActiveCfg = Release|Any CPU
		{B2D5B6DE-1E4C-484D-A4A0-80C40B4BACD8}.Release|Any CPU.Build.0 = Release|Any CPU
	EndGlobalSection
	GlobalSection(SolutionProperties) = preSolution
		HideSolutionNode = FALSE
	EndGlobalSection
	GlobalSection(ExtensibilityGlobals) = postSolution
		SolutionGuid = {E3ADD6A3-D8F3-4DD9-A2FB-BBAA05F87A12}
	EndGlobalSection
EndGlobal
