
Microsoft Visual Studio Solution File, Format Version 12.00
# Visual Studio Version 17
VisualStudioVersion = 17.11.35327.3
MinimumVisualStudioVersion = 10.0.40219.1
Project("{FAE04EC0-301F-11D3-BF4B-00C04F79EFBC}") = "EFFirstAppp", "EFFirstAppp\EFFirstAppp.csproj", "{EEBA3DCA-94ED-43BB-B5E9-9BE367C0C333}"
EndProject
Global
	GlobalSection(SolutionConfigurationPlatforms) = preSolution
		Debug|Any CPU = Debug|Any CPU
		Release|Any CPU = Release|Any CPU
	EndGlobalSection
	GlobalSection(ProjectConfigurationPlatforms) = postSolution
		{EEBA3DCA-94ED-43BB-B5E9-9BE367C0C333}.Debug|Any CPU.ActiveCfg = Debug|Any CPU
		{EEBA3DCA-94ED-43BB-B5E9-9BE367C0C333}.Debug|Any CPU.Build.0 = Debug|Any CPU
		{EEBA3DCA-94ED-43BB-B5E9-9BE367C0C333}.Release|Any CPU.ActiveCfg = Release|Any CPU
		{EEBA3DCA-94ED-43BB-B5E9-9BE367C0C333}.Release|Any CPU.Build.0 = Release|Any CPU
	EndGlobalSection
	GlobalSection(SolutionProperties) = preSolution
		HideSolutionNode = FALSE
	EndGlobalSection
	GlobalSection(ExtensibilityGlobals) = postSolution
		SolutionGuid = {8FD9951E-E285-4DFE-8539-5057D4B86DA4}
	EndGlobalSection
EndGlobal
