
Microsoft Visual Studio Solution File, Format Version 12.00
# Visual Studio Version 17
VisualStudioVersion = 17.11.35312.102
MinimumVisualStudioVersion = 10.0.40219.1
Project("{FAE04EC0-301F-11D3-BF4B-00C04F79EFBC}") = "InterfaceApp", "InterfaceApp\InterfaceApp.csproj", "{DBFAE4D4-BA3C-45C4-A642-7B063FD9B1BF}"
EndProject
Global
	GlobalSection(SolutionConfigurationPlatforms) = preSolution
		Debug|Any CPU = Debug|Any CPU
		Release|Any CPU = Release|Any CPU
	EndGlobalSection
	GlobalSection(ProjectConfigurationPlatforms) = postSolution
		{DBFAE4D4-BA3C-45C4-A642-7B063FD9B1BF}.Debug|Any CPU.ActiveCfg = Debug|Any CPU
		{DBFAE4D4-BA3C-45C4-A642-7B063FD9B1BF}.Debug|Any CPU.Build.0 = Debug|Any CPU
		{DBFAE4D4-BA3C-45C4-A642-7B063FD9B1BF}.Release|Any CPU.ActiveCfg = Release|Any CPU
		{DBFAE4D4-BA3C-45C4-A642-7B063FD9B1BF}.Release|Any CPU.Build.0 = Release|Any CPU
	EndGlobalSection
	GlobalSection(SolutionProperties) = preSolution
		HideSolutionNode = FALSE
	EndGlobalSection
	GlobalSection(ExtensibilityGlobals) = postSolution
		SolutionGuid = {A375A436-A2BB-49C4-AD6E-598B6492350C}
	EndGlobalSection
EndGlobal
