
Microsoft Visual Studio Solution File, Format Version 12.00
# Visual Studio Version 17
VisualStudioVersion = 17.11.35303.130
MinimumVisualStudioVersion = 10.0.40219.1
Project("{9A19103F-16F7-4668-BE54-9A1E7A4F7556}") = "FirstWebApp", "FirstWebApp\FirstWebApp.csproj", "{374B7199-DB97-40D2-A155-49B14979BAAE}"
EndProject
Global
	GlobalSection(SolutionConfigurationPlatforms) = preSolution
		Debug|Any CPU = Debug|Any CPU
		Release|Any CPU = Release|Any CPU
	EndGlobalSection
	GlobalSection(ProjectConfigurationPlatforms) = postSolution
		{374B7199-DB97-40D2-A155-49B14979BAAE}.Debug|Any CPU.ActiveCfg = Debug|Any CPU
		{374B7199-DB97-40D2-A155-49B14979BAAE}.Debug|Any CPU.Build.0 = Debug|Any CPU
		{374B7199-DB97-40D2-A155-49B14979BAAE}.Release|Any CPU.ActiveCfg = Release|Any CPU
		{374B7199-DB97-40D2-A155-49B14979BAAE}.Release|Any CPU.Build.0 = Release|Any CPU
	EndGlobalSection
	GlobalSection(SolutionProperties) = preSolution
		HideSolutionNode = FALSE
	EndGlobalSection
	GlobalSection(ExtensibilityGlobals) = postSolution
		SolutionGuid = {21CA496A-6BE5-4590-A49B-E7C891B73D70}
	EndGlobalSection
EndGlobal
