
Microsoft Visual Studio Solution File, Format Version 12.00
# Visual Studio Version 17
VisualStudioVersion = 17.11.35327.3
MinimumVisualStudioVersion = 10.0.40219.1
Project("{FAE04EC0-301F-11D3-BF4B-00C04F79EFBC}") = "EFFirstApp", "EFFirstApp\EFFirstApp.csproj", "{A0A29B3C-9F25-4F8F-A12B-DF4D5C552029}"
EndProject
Global
	GlobalSection(SolutionConfigurationPlatforms) = preSolution
		Debug|Any CPU = Debug|Any CPU
		Release|Any CPU = Release|Any CPU
	EndGlobalSection
	GlobalSection(ProjectConfigurationPlatforms) = postSolution
		{A0A29B3C-9F25-4F8F-A12B-DF4D5C552029}.Debug|Any CPU.ActiveCfg = Debug|Any CPU
		{A0A29B3C-9F25-4F8F-A12B-DF4D5C552029}.Debug|Any CPU.Build.0 = Debug|Any CPU
		{A0A29B3C-9F25-4F8F-A12B-DF4D5C552029}.Release|Any CPU.ActiveCfg = Release|Any CPU
		{A0A29B3C-9F25-4F8F-A12B-DF4D5C552029}.Release|Any CPU.Build.0 = Release|Any CPU
	EndGlobalSection
	GlobalSection(SolutionProperties) = preSolution
		HideSolutionNode = FALSE
	EndGlobalSection
	GlobalSection(ExtensibilityGlobals) = postSolution
		SolutionGuid = {ADA16BC4-707B-4A43-849A-AF67E5073EAE}
	EndGlobalSection
EndGlobal
