
Microsoft Visual Studio Solution File, Format Version 12.00
# Visual Studio Version 17
VisualStudioVersion = 17.11.35327.3
MinimumVisualStudioVersion = 10.0.40219.1
Project("{FAE04EC0-301F-11D3-BF4B-00C04F79EFBC}") = "TrialApplication", "TrialApplication\TrialApplication.csproj", "{33785E82-85A1-43A9-8FB6-083EB9CA2961}"
EndProject
Global
	GlobalSection(SolutionConfigurationPlatforms) = preSolution
		Debug|Any CPU = Debug|Any CPU
		Release|Any CPU = Release|Any CPU
	EndGlobalSection
	GlobalSection(ProjectConfigurationPlatforms) = postSolution
		{33785E82-85A1-43A9-8FB6-083EB9CA2961}.Debug|Any CPU.ActiveCfg = Debug|Any CPU
		{33785E82-85A1-43A9-8FB6-083EB9CA2961}.Debug|Any CPU.Build.0 = Debug|Any CPU
		{33785E82-85A1-43A9-8FB6-083EB9CA2961}.Release|Any CPU.ActiveCfg = Release|Any CPU
		{33785E82-85A1-43A9-8FB6-083EB9CA2961}.Release|Any CPU.Build.0 = Release|Any CPU
	EndGlobalSection
	GlobalSection(SolutionProperties) = preSolution
		HideSolutionNode = FALSE
	EndGlobalSection
	GlobalSection(ExtensibilityGlobals) = postSolution
		SolutionGuid = {B317AE6D-D40E-4F79-B80F-24B748F0675F}
	EndGlobalSection
EndGlobal
