
Microsoft Visual Studio Solution File, Format Version 12.00
# Visual Studio Version 17
VisualStudioVersion = 17.11.35327.3
MinimumVisualStudioVersion = 10.0.40219.1
Project("{FAE04EC0-301F-11D3-BF4B-00C04F79EFBC}") = "DoctorPatientApplication", "DoctorPatientApplication\DoctorPatientApplication.csproj", "{26D250BF-FFE6-4F5A-AFFF-D0CFCCB9D8F1}"
EndProject
Global
	GlobalSection(SolutionConfigurationPlatforms) = preSolution
		Debug|Any CPU = Debug|Any CPU
		Release|Any CPU = Release|Any CPU
	EndGlobalSection
	GlobalSection(ProjectConfigurationPlatforms) = postSolution
		{26D250BF-FFE6-4F5A-AFFF-D0CFCCB9D8F1}.Debug|Any CPU.ActiveCfg = Debug|Any CPU
		{26D250BF-FFE6-4F5A-AFFF-D0CFCCB9D8F1}.Debug|Any CPU.Build.0 = Debug|Any CPU
		{26D250BF-FFE6-4F5A-AFFF-D0CFCCB9D8F1}.Release|Any CPU.ActiveCfg = Release|Any CPU
		{26D250BF-FFE6-4F5A-AFFF-D0CFCCB9D8F1}.Release|Any CPU.Build.0 = Release|Any CPU
	EndGlobalSection
	GlobalSection(SolutionProperties) = preSolution
		HideSolutionNode = FALSE
	EndGlobalSection
	GlobalSection(ExtensibilityGlobals) = postSolution
		SolutionGuid = {DA6DE941-783C-46B1-8ECE-FE0B2C68075F}
	EndGlobalSection
EndGlobal
