
Microsoft Visual Studio Solution File, Format Version 12.00
# Visual Studio Version 17
VisualStudioVersion = 17.11.35222.181
MinimumVisualStudioVersion = 10.0.40219.1
Project("{FAE04EC0-301F-11D3-BF4B-00C04F79EFBC}") = "EmployeePromotionApp", "EmployeePromotionApp.csproj", "{32A40328-889D-4B20-8547-49BB4BFAB6D2}"
EndProject
Global
	GlobalSection(SolutionConfigurationPlatforms) = preSolution
		Debug|Any CPU = Debug|Any CPU
		Release|Any CPU = Release|Any CPU
	EndGlobalSection
	GlobalSection(ProjectConfigurationPlatforms) = postSolution
		{32A40328-889D-4B20-8547-49BB4BFAB6D2}.Debug|Any CPU.ActiveCfg = Debug|Any CPU
		{32A40328-889D-4B20-8547-49BB4BFAB6D2}.Debug|Any CPU.Build.0 = Debug|Any CPU
		{32A40328-889D-4B20-8547-49BB4BFAB6D2}.Release|Any CPU.ActiveCfg = Release|Any CPU
		{32A40328-889D-4B20-8547-49BB4BFAB6D2}.Release|Any CPU.Build.0 = Release|Any CPU
	EndGlobalSection
	GlobalSection(SolutionProperties) = preSolution
		HideSolutionNode = FALSE
	EndGlobalSection
	GlobalSection(ExtensibilityGlobals) = postSolution
		SolutionGuid = {24EE15E5-F54C-4D2A-B3BA-ED67216B2BFE}
	EndGlobalSection
EndGlobal
