
Microsoft Visual Studio Solution File, Format Version 12.00
# Visual Studio Version 17
VisualStudioVersion = 17.11.35327.3
MinimumVisualStudioVersion = 10.0.40219.1
Project("{FAE04EC0-301F-11D3-BF4B-00C04F79EFBC}") = "ReportClaimApplication", "ReportClaimApplication\ReportClaimApplication.csproj", "{95EF9CC1-E577-4BB7-863A-2702F0BFD997}"
EndProject
Global
	GlobalSection(SolutionConfigurationPlatforms) = preSolution
		Debug|Any CPU = Debug|Any CPU
		Release|Any CPU = Release|Any CPU
	EndGlobalSection
	GlobalSection(ProjectConfigurationPlatforms) = postSolution
		{95EF9CC1-E577-4BB7-863A-2702F0BFD997}.Debug|Any CPU.ActiveCfg = Debug|Any CPU
		{95EF9CC1-E577-4BB7-863A-2702F0BFD997}.Debug|Any CPU.Build.0 = Debug|Any CPU
		{95EF9CC1-E577-4BB7-863A-2702F0BFD997}.Release|Any CPU.ActiveCfg = Release|Any CPU
		{95EF9CC1-E577-4BB7-863A-2702F0BFD997}.Release|Any CPU.Build.0 = Release|Any CPU
	EndGlobalSection
	GlobalSection(SolutionProperties) = preSolution
		HideSolutionNode = FALSE
	EndGlobalSection
	GlobalSection(ExtensibilityGlobals) = postSolution
		SolutionGuid = {B743E4CC-616F-4458-A122-136F67507E7D}
	EndGlobalSection
EndGlobal
