
Microsoft Visual Studio Solution File, Format Version 12.00
# Visual Studio Version 17
VisualStudioVersion = 17.11.35312.102
MinimumVisualStudioVersion = 10.0.40219.1
Project("{FAE04EC0-301F-11D3-BF4B-00C04F79EFBC}") = "MyFirstWebAPI", "MyFirstWebAPI\MyFirstWebAPI.csproj", "{3DA4C070-C129-4CF5-B949-B8C0DE7260EC}"
EndProject
Global
	GlobalSection(SolutionConfigurationPlatforms) = preSolution
		Debug|Any CPU = Debug|Any CPU
		Release|Any CPU = Release|Any CPU
	EndGlobalSection
	GlobalSection(ProjectConfigurationPlatforms) = postSolution
		{3DA4C070-C129-4CF5-B949-B8C0DE7260EC}.Debug|Any CPU.ActiveCfg = Debug|Any CPU
		{3DA4C070-C129-4CF5-B949-B8C0DE7260EC}.Debug|Any CPU.Build.0 = Debug|Any CPU
		{3DA4C070-C129-4CF5-B949-B8C0DE7260EC}.Release|Any CPU.ActiveCfg = Release|Any CPU
		{3DA4C070-C129-4CF5-B949-B8C0DE7260EC}.Release|Any CPU.Build.0 = Release|Any CPU
	EndGlobalSection
	GlobalSection(SolutionProperties) = preSolution
		HideSolutionNode = FALSE
	EndGlobalSection
	GlobalSection(ExtensibilityGlobals) = postSolution
		SolutionGuid = {CA589125-2A36-4E4C-B857-4020047E00A7}
	EndGlobalSection
EndGlobal
